
Microsoft Visual Studio Solution File, Format Version 12.00
# Visual Studio Version 16
VisualStudioVersion = 25.0.1705.6
MinimumVisualStudioVersion = 10.0.40219.1
Project("{FAE04EC0-301F-11D3-BF4B-00C04F79EFBC}") = "HebrewDateConverter", "HebrewDateConverter.csproj", "{BC5800D7-222B-4117-9157-AA171BB39C17}"
EndProject
Global
	GlobalSection(SolutionConfigurationPlatforms) = preSolution
		Debug|Any CPU = Debug|Any CPU
		Release|Any CPU = Release|Any CPU
	EndGlobalSection
	GlobalSection(ProjectConfigurationPlatforms) = postSolution
		{BC5800D7-222B-4117-9157-AA171BB39C17}.Debug|Any CPU.ActiveCfg = Debug|Any CPU
		{BC5800D7-222B-4117-9157-AA171BB39C17}.Debug|Any CPU.Build.0 = Debug|Any CPU
		{BC5800D7-222B-4117-9157-AA171BB39C17}.Release|Any CPU.ActiveCfg = Release|Any CPU
		{BC5800D7-222B-4117-9157-AA171BB39C17}.Release|Any CPU.Build.0 = Release|Any CPU
	EndGlobalSection
	GlobalSection(SolutionProperties) = preSolution
		HideSolutionNode = FALSE
	EndGlobalSection
	GlobalSection(ExtensibilityGlobals) = postSolution
		SolutionGuid = {520C669A-413B-4AE6-827A-BD565BD9EBE3}
	EndGlobalSection
EndGlobal
